
Microsoft Visual Studio Solution File, Format Version 12.00
# Visual Studio Version 17
VisualStudioVersion = 17.7.34221.43
MinimumVisualStudioVersion = 10.0.40219.1
Project("{2150E333-8FDC-42A3-9474-1A3956D46DE8}") = "Enterprise Businnes Rules", "Enterprise Businnes Rules", "{78FA1C2E-7370-4918-A50B-DD9918DBE923}"
EndProject
Project("{9A19103F-16F7-4668-BE54-9A1E7A4F7556}") = "EdynamicsLog.Entities", "EdynamicsLog.Entities\EdynamicsLog.Entities.csproj", "{756D6034-F64A-45D0-8A11-DAEB3FF2BFBC}"
EndProject
Project("{2150E333-8FDC-42A3-9474-1A3956D46DE8}") = "Interface Adapters", "Interface Adapters", "{830C4CDC-FC5F-4B8E-B056-B262AF3EDE8C}"
EndProject
Project("{2150E333-8FDC-42A3-9474-1A3956D46DE8}") = "Gateways", "Gateways", "{7D538541-99A2-4A03-973F-E3DE26C00570}"
EndProject
Project("{9A19103F-16F7-4668-BE54-9A1E7A4F7556}") = "EdynamicsLog.RepositoryEFCore", "EdynamicsLog.RepositoryEFCore\EdynamicsLog.RepositoryEFCore.csproj", "{0D8AC706-B77A-4CE4-8213-16C5731C6378}"
EndProject
Project("{2150E333-8FDC-42A3-9474-1A3956D46DE8}") = "Application Bussiness Rules", "Application Bussiness Rules", "{E249EB19-4EED-4DBA-97B1-0914321E49E4}"
EndProject
Project("{9A19103F-16F7-4668-BE54-9A1E7A4F7556}") = "EdynamicsLog.DTOs", "EdynamicsLog.DTOs\EdynamicsLog.DTOs.csproj", "{E9263CE8-AB9B-4653-B6C2-E897BF47BFE7}"
EndProject
Project("{9A19103F-16F7-4668-BE54-9A1E7A4F7556}") = "EdynamicsLog.UseCasesPorts", "EdynamicsLog.UseCasesPorts\EdynamicsLog.UseCasesPorts.csproj", "{43FEEC7A-610A-4054-AA24-1C8C9C95044A}"
EndProject
Project("{9A19103F-16F7-4668-BE54-9A1E7A4F7556}") = "EdynamicsLog.UseCases", "EdynamicsLog.UseCases\EdynamicsLog.UseCases.csproj", "{0D631DD3-55D1-4EA6-A83D-10A70D07CD0A}"
EndProject
Project("{2150E333-8FDC-42A3-9474-1A3956D46DE8}") = "Presenters", "Presenters", "{D8D66946-C00B-44B6-8AAF-45C01DE570F1}"
EndProject
Project("{9A19103F-16F7-4668-BE54-9A1E7A4F7556}") = "EdynamicsLog.Presenters", "EdynamicsLog.Presenters\EdynamicsLog.Presenters.csproj", "{CB2E9303-C93E-44EC-BB06-63B6F8493F30}"
EndProject
Project("{2150E333-8FDC-42A3-9474-1A3956D46DE8}") = "Controllers", "Controllers", "{7E609C89-6A71-4BBD-90D9-6209DEA81A72}"
EndProject
Project("{9A19103F-16F7-4668-BE54-9A1E7A4F7556}") = "EdynamicsLog.IoC", "EdynamicsLog.IoC\EdynamicsLog.IoC.csproj", "{3D6C575C-1719-4DC0-94DE-E79A8BD6C202}"
EndProject
Project("{2150E333-8FDC-42A3-9474-1A3956D46DE8}") = "Frameworks And Drivers", "Frameworks And Drivers", "{DF6650EC-C7C9-4F04-B131-4D7DB722616A}"
EndProject
Project("{2150E333-8FDC-42A3-9474-1A3956D46DE8}") = "UIs", "UIs", "{33479E91-4300-4E9F-AFD4-556E29FFCFEA}"
EndProject
Project("{2150E333-8FDC-42A3-9474-1A3956D46DE8}") = "Entities", "Entities", "{3E3340BA-DA72-4614-9A3B-F45C741F3E10}"
EndProject
Project("{2150E333-8FDC-42A3-9474-1A3956D46DE8}") = "DTOs", "DTOs", "{AD8AF706-5D2F-4F04-B7E4-606B011D5EF5}"
EndProject
Project("{2150E333-8FDC-42A3-9474-1A3956D46DE8}") = "UseCases", "UseCases", "{75FF2089-A91A-47D6-822B-52EDC049A15D}"
EndProject
Project("{2150E333-8FDC-42A3-9474-1A3956D46DE8}") = "UseCasesPorts", "UseCasesPorts", "{D7BF2903-D554-4C94-AA82-A3B118BCDB87}"
EndProject
Project("{FAE04EC0-301F-11D3-BF4B-00C04F79EFBC}") = "EdynamicsLogBussiness.Api", "EdynamicsLogBussiness.Api\EdynamicsLogBussiness.Api.csproj", "{46CCEEFD-30D5-4529-8C64-33A46B6BDD60}"
EndProject
Project("{FAE04EC0-301F-11D3-BF4B-00C04F79EFBC}") = "EdynamicsLog.ControllersBussiness", "EdynamicsLog.ControllersBussiness\EdynamicsLog.ControllersBussiness.csproj", "{FDF675F4-E423-4416-BD37-E9A86A3477B0}"
EndProject
Project("{FAE04EC0-301F-11D3-BF4B-00C04F79EFBC}") = "EdynamicsLog.ControllersProducts", "EdynamicsLog.ControllersProducts\EdynamicsLog.ControllersProducts.csproj", "{38403848-8136-482F-B22F-D1C3EBDB0A45}"
EndProject
Project("{FAE04EC0-301F-11D3-BF4B-00C04F79EFBC}") = "EdynamicsLogProducts.Api", "EdynamicsLogProducts.Api\EdynamicsLogProducts.Api.csproj", "{96FF2C92-D3AF-482D-8097-B7AE14053757}"
EndProject
Global
	GlobalSection(SolutionConfigurationPlatforms) = preSolution
		Debug|Any CPU = Debug|Any CPU
		Release|Any CPU = Release|Any CPU
	EndGlobalSection
	GlobalSection(ProjectConfigurationPlatforms) = postSolution
		{756D6034-F64A-45D0-8A11-DAEB3FF2BFBC}.Debug|Any CPU.ActiveCfg = Debug|Any CPU
		{756D6034-F64A-45D0-8A11-DAEB3FF2BFBC}.Debug|Any CPU.Build.0 = Debug|Any CPU
		{756D6034-F64A-45D0-8A11-DAEB3FF2BFBC}.Release|Any CPU.ActiveCfg = Release|Any CPU
		{756D6034-F64A-45D0-8A11-DAEB3FF2BFBC}.Release|Any CPU.Build.0 = Release|Any CPU
		{0D8AC706-B77A-4CE4-8213-16C5731C6378}.Debug|Any CPU.ActiveCfg = Debug|Any CPU
		{0D8AC706-B77A-4CE4-8213-16C5731C6378}.Debug|Any CPU.Build.0 = Debug|Any CPU
		{0D8AC706-B77A-4CE4-8213-16C5731C6378}.Release|Any CPU.ActiveCfg = Release|Any CPU
		{0D8AC706-B77A-4CE4-8213-16C5731C6378}.Release|Any CPU.Build.0 = Release|Any CPU
		{E9263CE8-AB9B-4653-B6C2-E897BF47BFE7}.Debug|Any CPU.ActiveCfg = Debug|Any CPU
		{E9263CE8-AB9B-4653-B6C2-E897BF47BFE7}.Debug|Any CPU.Build.0 = Debug|Any CPU
		{E9263CE8-AB9B-4653-B6C2-E897BF47BFE7}.Release|Any CPU.ActiveCfg = Release|Any CPU
		{E9263CE8-AB9B-4653-B6C2-E897BF47BFE7}.Release|Any CPU.Build.0 = Release|Any CPU
		{43FEEC7A-610A-4054-AA24-1C8C9C95044A}.Debug|Any CPU.ActiveCfg = Debug|Any CPU
		{43FEEC7A-610A-4054-AA24-1C8C9C95044A}.Debug|Any CPU.Build.0 = Debug|Any CPU
		{43FEEC7A-610A-4054-AA24-1C8C9C95044A}.Release|Any CPU.ActiveCfg = Release|Any CPU
		{43FEEC7A-610A-4054-AA24-1C8C9C95044A}.Release|Any CPU.Build.0 = Release|Any CPU
		{0D631DD3-55D1-4EA6-A83D-10A70D07CD0A}.Debug|Any CPU.ActiveCfg = Debug|Any CPU
		{0D631DD3-55D1-4EA6-A83D-10A70D07CD0A}.Debug|Any CPU.Build.0 = Debug|Any CPU
		{0D631DD3-55D1-4EA6-A83D-10A70D07CD0A}.Release|Any CPU.ActiveCfg = Release|Any CPU
		{0D631DD3-55D1-4EA6-A83D-10A70D07CD0A}.Release|Any CPU.Build.0 = Release|Any CPU
		{CB2E9303-C93E-44EC-BB06-63B6F8493F30}.Debug|Any CPU.ActiveCfg = Debug|Any CPU
		{CB2E9303-C93E-44EC-BB06-63B6F8493F30}.Debug|Any CPU.Build.0 = Debug|Any CPU
		{CB2E9303-C93E-44EC-BB06-63B6F8493F30}.Release|Any CPU.ActiveCfg = Release|Any CPU
		{CB2E9303-C93E-44EC-BB06-63B6F8493F30}.Release|Any CPU.Build.0 = Release|Any CPU
		{3D6C575C-1719-4DC0-94DE-E79A8BD6C202}.Debug|Any CPU.ActiveCfg = Debug|Any CPU
		{3D6C575C-1719-4DC0-94DE-E79A8BD6C202}.Debug|Any CPU.Build.0 = Debug|Any CPU
		{3D6C575C-1719-4DC0-94DE-E79A8BD6C202}.Release|Any CPU.ActiveCfg = Release|Any CPU
		{3D6C575C-1719-4DC0-94DE-E79A8BD6C202}.Release|Any CPU.Build.0 = Release|Any CPU
		{46CCEEFD-30D5-4529-8C64-33A46B6BDD60}.Debug|Any CPU.ActiveCfg = Debug|Any CPU
		{46CCEEFD-30D5-4529-8C64-33A46B6BDD60}.Debug|Any CPU.Build.0 = Debug|Any CPU
		{46CCEEFD-30D5-4529-8C64-33A46B6BDD60}.Release|Any CPU.ActiveCfg = Release|Any CPU
		{46CCEEFD-30D5-4529-8C64-33A46B6BDD60}.Release|Any CPU.Build.0 = Release|Any CPU
		{FDF675F4-E423-4416-BD37-E9A86A3477B0}.Debug|Any CPU.ActiveCfg = Debug|Any CPU
		{FDF675F4-E423-4416-BD37-E9A86A3477B0}.Debug|Any CPU.Build.0 = Debug|Any CPU
		{FDF675F4-E423-4416-BD37-E9A86A3477B0}.Release|Any CPU.ActiveCfg = Release|Any CPU
		{FDF675F4-E423-4416-BD37-E9A86A3477B0}.Release|Any CPU.Build.0 = Release|Any CPU
		{38403848-8136-482F-B22F-D1C3EBDB0A45}.Debug|Any CPU.ActiveCfg = Debug|Any CPU
		{38403848-8136-482F-B22F-D1C3EBDB0A45}.Debug|Any CPU.Build.0 = Debug|Any CPU
		{38403848-8136-482F-B22F-D1C3EBDB0A45}.Release|Any CPU.ActiveCfg = Release|Any CPU
		{38403848-8136-482F-B22F-D1C3EBDB0A45}.Release|Any CPU.Build.0 = Release|Any CPU
		{96FF2C92-D3AF-482D-8097-B7AE14053757}.Debug|Any CPU.ActiveCfg = Debug|Any CPU
		{96FF2C92-D3AF-482D-8097-B7AE14053757}.Debug|Any CPU.Build.0 = Debug|Any CPU
		{96FF2C92-D3AF-482D-8097-B7AE14053757}.Release|Any CPU.ActiveCfg = Release|Any CPU
		{96FF2C92-D3AF-482D-8097-B7AE14053757}.Release|Any CPU.Build.0 = Release|Any CPU
	EndGlobalSection
	GlobalSection(SolutionProperties) = preSolution
		HideSolutionNode = FALSE
	EndGlobalSection
	GlobalSection(NestedProjects) = preSolution
		{756D6034-F64A-45D0-8A11-DAEB3FF2BFBC} = {3E3340BA-DA72-4614-9A3B-F45C741F3E10}
		{7D538541-99A2-4A03-973F-E3DE26C00570} = {830C4CDC-FC5F-4B8E-B056-B262AF3EDE8C}
		{0D8AC706-B77A-4CE4-8213-16C5731C6378} = {7D538541-99A2-4A03-973F-E3DE26C00570}
		{E9263CE8-AB9B-4653-B6C2-E897BF47BFE7} = {AD8AF706-5D2F-4F04-B7E4-606B011D5EF5}
		{43FEEC7A-610A-4054-AA24-1C8C9C95044A} = {D7BF2903-D554-4C94-AA82-A3B118BCDB87}
		{0D631DD3-55D1-4EA6-A83D-10A70D07CD0A} = {75FF2089-A91A-47D6-822B-52EDC049A15D}
		{D8D66946-C00B-44B6-8AAF-45C01DE570F1} = {830C4CDC-FC5F-4B8E-B056-B262AF3EDE8C}
		{CB2E9303-C93E-44EC-BB06-63B6F8493F30} = {D8D66946-C00B-44B6-8AAF-45C01DE570F1}
		{7E609C89-6A71-4BBD-90D9-6209DEA81A72} = {830C4CDC-FC5F-4B8E-B056-B262AF3EDE8C}
		{3D6C575C-1719-4DC0-94DE-E79A8BD6C202} = {7D538541-99A2-4A03-973F-E3DE26C00570}
		{33479E91-4300-4E9F-AFD4-556E29FFCFEA} = {DF6650EC-C7C9-4F04-B131-4D7DB722616A}
		{3E3340BA-DA72-4614-9A3B-F45C741F3E10} = {78FA1C2E-7370-4918-A50B-DD9918DBE923}
		{AD8AF706-5D2F-4F04-B7E4-606B011D5EF5} = {E249EB19-4EED-4DBA-97B1-0914321E49E4}
		{75FF2089-A91A-47D6-822B-52EDC049A15D} = {E249EB19-4EED-4DBA-97B1-0914321E49E4}
		{D7BF2903-D554-4C94-AA82-A3B118BCDB87} = {E249EB19-4EED-4DBA-97B1-0914321E49E4}
		{46CCEEFD-30D5-4529-8C64-33A46B6BDD60} = {33479E91-4300-4E9F-AFD4-556E29FFCFEA}
		{FDF675F4-E423-4416-BD37-E9A86A3477B0} = {7E609C89-6A71-4BBD-90D9-6209DEA81A72}
		{38403848-8136-482F-B22F-D1C3EBDB0A45} = {7E609C89-6A71-4BBD-90D9-6209DEA81A72}
		{96FF2C92-D3AF-482D-8097-B7AE14053757} = {33479E91-4300-4E9F-AFD4-556E29FFCFEA}
	EndGlobalSection
	GlobalSection(ExtensibilityGlobals) = postSolution
		SolutionGuid = {BE396DEC-44AF-4D60-8DEF-ACC9C0E08D09}
	EndGlobalSection
EndGlobal
